// !$*UTF8*$!
{
	archiveVersion = 1;
	classes = {
	};
	objectVersion = 56;
	objects = {

/* Begin PBXBuildFile section */
		20C6545F29E3777A00D6C0A0 /* WatchOSTimerBasic Watch App.app in Embed Watch Content */ = {isa = PBXBuildFile; fileRef = 20C6545E29E3777A00D6C0A0 /* WatchOSTimerBasic Watch App.app */; settings = {ATTRIBUTES = (RemoveHeadersOnCopy, ); }; };
		20C6546429E3777A00D6C0A0 /* WatchOSTimerBasicApp.swift in Sources */ = {isa = PBXBuildFile; fileRef = 20C6546329E3777A00D6C0A0 /* WatchOSTimerBasicApp.swift */; };
		20C6546629E3777A00D6C0A0 /* ContentView.swift in Sources */ = {isa = PBXBuildFile; fileRef = 20C6546529E3777A00D6C0A0 /* ContentView.swift */; };
		20C6546829E3777D00D6C0A0 /* Assets.xcassets in Resources */ = {isa = PBXBuildFile; fileRef = 20C6546729E3777D00D6C0A0 /* Assets.xcassets */; };
		20C6546B29E3777D00D6C0A0 /* Preview Assets.xcassets in Resources */ = {isa = PBXBuildFile; fileRef = 20C6546A29E3777D00D6C0A0 /* Preview Assets.xcassets */; };
/* End PBXBuildFile section */

/* Begin PBXContainerItemProxy section */
		20C6546029E3777A00D6C0A0 /* PBXContainerItemProxy */ = {
			isa = PBXContainerItemProxy;
			containerPortal = 20C6545229E3777A00D6C0A0 /* Project object */;
			proxyType = 1;
			remoteGlobalIDString = 20C6545D29E3777A00D6C0A0;
			remoteInfo = "WatchOSTimerBasic Watch App";
		};
/* End PBXContainerItemProxy section */

/* Begin PBXCopyFilesBuildPhase section */
		20C6547129E3777D00D6C0A0 /* Embed Watch Content */ = {
			isa = PBXCopyFilesBuildPhase;
			buildActionMask = 2147483647;
			dstPath = "$(CONTENTS_FOLDER_PATH)/Watch";
			dstSubfolderSpec = 16;
			files = (
				20C6545F29E3777A00D6C0A0 /* WatchOSTimerBasic Watch App.app in Embed Watch Content */,
			);
			name = "Embed Watch Content";
			runOnlyForDeploymentPostprocessing = 0;
		};
/* End PBXCopyFilesBuildPhase section */

/* Begin PBXFileReference section */
		20C6545829E3777A00D6C0A0 /* WatchOSTimerBasic.app */ = {isa = PBXFileReference; explicitFileType = wrapper.application; includeInIndex = 0; path = WatchOSTimerBasic.app; sourceTree = BUILT_PRODUCTS_DIR; };
		20C6545E29E3777A00D6C0A0 /* WatchOSTimerBasic Watch App.app */ = {isa = PBXFileReference; explicitFileType = wrapper.application; includeInIndex = 0; path = "WatchOSTimerBasic Watch App.app"; sourceTree = BUILT_PRODUCTS_DIR; };
		20C6546329E3777A00D6C0A0 /* WatchOSTimerBasicApp.swift */ = {isa = PBXFileReference; lastKnownFileType = sourcecode.swift; path = WatchOSTimerBasicApp.swift; sourceTree = "<group>"; };
		20C6546529E3777A00D6C0A0 /* ContentView.swift */ = {isa = PBXFileReference; lastKnownFileType = sourcecode.swift; path = ContentView.swift; sourceTree = "<group>"; };
		20C6546729E3777D00D6C0A0 /* Assets.xcassets */ = {isa = PBXFileReference; lastKnownFileType = folder.assetcatalog; path = Assets.xcassets; sourceTree = "<group>"; };
		20C6546A29E3777D00D6C0A0 /* Preview Assets.xcassets */ = {isa = PBXFileReference; lastKnownFileType = folder.assetcatalog; path = "Preview Assets.xcassets"; sourceTree = "<group>"; };
/* End PBXFileReference section */

/* Begin PBXFrameworksBuildPhase section */
		20C6545B29E3777A00D6C0A0 /* Frameworks */ = {
			isa = PBXFrameworksBuildPhase;
			buildActionMask = 2147483647;
			files = (
			);
			runOnlyForDeploymentPostprocessing = 0;
		};
/* End PBXFrameworksBuildPhase section */

/* Begin PBXGroup section */
		20C6545129E3777A00D6C0A0 = {
			isa = PBXGroup;
			children = (
				20C6546229E3777A00D6C0A0 /* WatchOSTimerBasic Watch App */,
				20C6545929E3777A00D6C0A0 /* Products */,
			);
			sourceTree = "<group>";
		};
		20C6545929E3777A00D6C0A0 /* Products */ = {
			isa = PBXGroup;
			children = (
				20C6545829E3777A00D6C0A0 /* WatchOSTimerBasic.app */,
				20C6545E29E3777A00D6C0A0 /* WatchOSTimerBasic Watch App.app */,
			);
			name = Products;
			sourceTree = "<group>";
		};
		20C6546229E3777A00D6C0A0 /* WatchOSTimerBasic Watch App */ = {
			isa = PBXGroup;
			children = (
				20C6546329E3777A00D6C0A0 /* WatchOSTimerBasicApp.swift */,
				20C6546529E3777A00D6C0A0 /* ContentView.swift */,
				20C6546729E3777D00D6C0A0 /* Assets.xcassets */,
				20C6546929E3777D00D6C0A0 /* Preview Content */,
			);
			path = "WatchOSTimerBasic Watch App";
			sourceTree = "<group>";
		};
		20C6546929E3777D00D6C0A0 /* Preview Content */ = {
			isa = PBXGroup;
			children = (
				20C6546A29E3777D00D6C0A0 /* Preview Assets.xcassets */,
			);
			path = "Preview Content";
			sourceTree = "<group>";
		};
/* End PBXGroup section */

/* Begin PBXNativeTarget section */
		20C6545729E3777A00D6C0A0 /* WatchOSTimerBasic */ = {
			isa = PBXNativeTarget;
			buildConfigurationList = 20C6547229E3777D00D6C0A0 /* Build configuration list for PBXNativeTarget "WatchOSTimerBasic" */;
			buildPhases = (
				20C6545629E3777A00D6C0A0 /* Resources */,
				20C6547129E3777D00D6C0A0 /* Embed Watch Content */,
			);
			buildRules = (
			);
			dependencies = (
				20C6546129E3777A00D6C0A0 /* PBXTargetDependency */,
			);
			name = WatchOSTimerBasic;
			productName = WatchOSTimerBasic;
			productReference = 20C6545829E3777A00D6C0A0 /* WatchOSTimerBasic.app */;
			productType = "com.apple.product-type.application.watchapp2-container";
		};
		20C6545D29E3777A00D6C0A0 /* WatchOSTimerBasic Watch App */ = {
			isa = PBXNativeTarget;
			buildConfigurationList = 20C6546E29E3777D00D6C0A0 /* Build configuration list for PBXNativeTarget "WatchOSTimerBasic Watch App" */;
			buildPhases = (
				20C6545A29E3777A00D6C0A0 /* Sources */,
				20C6545B29E3777A00D6C0A0 /* Frameworks */,
				20C6545C29E3777A00D6C0A0 /* Resources */,
			);
			buildRules = (
			);
			dependencies = (
			);
			name = "WatchOSTimerBasic Watch App";
			productName = "WatchOSTimerBasic Watch App";
			productReference = 20C6545E29E3777A00D6C0A0 /* WatchOSTimerBasic Watch App.app */;
			productType = "com.apple.product-type.application";
		};
/* End PBXNativeTarget section */

/* Begin PBXProject section */
		20C6545229E3777A00D6C0A0 /* Project object */ = {
			isa = PBXProject;
			attributes = {
				BuildIndependentTargetsInParallel = 1;
				LastSwiftUpdateCheck = 1420;
				LastUpgradeCheck = 1420;
				ORGANIZATIONNAME = "Kraig Kistler";
				TargetAttributes = {
					20C6545729E3777A00D6C0A0 = {
						CreatedOnToolsVersion = 14.2;
					};
					20C6545D29E3777A00D6C0A0 = {
						CreatedOnToolsVersion = 14.2;
					};
				};
			};
			buildConfigurationList = 20C6545529E3777A00D6C0A0 /* Build configuration list for PBXProject "WatchOSTimerBasic" */;
			compatibilityVersion = "Xcode 14.0";
			developmentRegion = en;
			hasScannedForEncodings = 0;
			knownRegions = (
				en,
				Base,
			);
			mainGroup = 20C6545129E3777A00D6C0A0;
			productRefGroup = 20C6545929E3777A00D6C0A0 /* Products */;
			projectDirPath = "";
			projectRoot = "";
			targets = (
				20C6545729E3777A00D6C0A0 /* WatchOSTimerBasic */,
				20C6545D29E3777A00D6C0A0 /* WatchOSTimerBasic Watch App */,
			);
		};
/* End PBXProject section */

/* Begin PBXResourcesBuildPhase section */
		20C6545629E3777A00D6C0A0 /* Resources */ = {
			isa = PBXResourcesBuildPhase;
			buildActionMask = 2147483647;
			files = (
			);
			runOnlyForDeploymentPostprocessing = 0;
		};
		20C6545C29E3777A00D6C0A0 /* Resources */ = {
			isa = PBXResourcesBuildPhase;
			buildActionMask = 2147483647;
			files = (
				20C6546B29E3777D00D6C0A0 /* Preview Assets.xcassets in Resources */,
				20C6546829E3777D00D6C0A0 /* Assets.xcassets in Resources */,
			);
			runOnlyForDeploymentPostprocessing = 0;
		};
/* End PBXResourcesBuildPhase section */

/* Begin PBXSourcesBuildPhase section */
		20C6545A29E3777A00D6C0A0 /* Sources */ = {
			isa = PBXSourcesBuildPhase;
			buildActionMask = 2147483647;
			files = (
				20C6546629E3777A00D6C0A0 /* ContentView.swift in Sources */,
				20C6546429E3777A00D6C0A0 /* WatchOSTimerBasicApp.swift in Sources */,
			);
			runOnlyForDeploymentPostprocessing = 0;
		};
/* End PBXSourcesBuildPhase section */

/* Begin PBXTargetDependency section */
		20C6546129E3777A00D6C0A0 /* PBXTargetDependency */ = {
			isa = PBXTargetDependency;
			target = 20C6545D29E3777A00D6C0A0 /* WatchOSTimerBasic Watch App */;
			targetProxy = 20C6546029E3777A00D6C0A0 /* PBXContainerItemProxy */;
		};
/* End PBXTargetDependency section */

/* Begin XCBuildConfiguration section */
		20C6546C29E3777D00D6C0A0 /* Debug */ = {
			isa = XCBuildConfiguration;
			buildSettings = {
				ALWAYS_SEARCH_USER_PATHS = NO;
				CLANG_ANALYZER_NONNULL = YES;
				CLANG_ANALYZER_NUMBER_OBJECT_CONVERSION = YES_AGGRESSIVE;
				CLANG_CXX_LANGUAGE_STANDARD = "gnu++20";
				CLANG_ENABLE_MODULES = YES;
				CLANG_ENABLE_OBJC_ARC = YES;
				CLANG_ENABLE_OBJC_WEAK = YES;
				CLANG_WARN_BLOCK_CAPTURE_AUTORELEASING = YES;
				CLANG_WARN_BOOL_CONVERSION = YES;
				CLANG_WARN_COMMA = YES;
				CLANG_WARN_CONSTANT_CONVERSION = YES;
				CLANG_WARN_DEPRECATED_OBJC_IMPLEMENTATIONS = YES;
				CLANG_WARN_DIRECT_OBJC_ISA_USAGE = YES_ERROR;
				CLANG_WARN_DOCUMENTATION_COMMENTS = YES;
				CLANG_WARN_EMPTY_BODY = YES;
				CLANG_WARN_ENUM_CONVERSION = YES;
				CLANG_WARN_INFINITE_RECURSION = YES;
				CLANG_WARN_INT_CONVERSION = YES;
				CLANG_WARN_NON_LITERAL_NULL_CONVERSION = YES;
				CLANG_WARN_OBJC_IMPLICIT_RETAIN_SELF = YES;
				CLANG_WARN_OBJC_LITERAL_CONVERSION = YES;
				CLANG_WARN_OBJC_ROOT_CLASS = YES_ERROR;
				CLANG_WARN_QUOTED_INCLUDE_IN_FRAMEWORK_HEADER = YES;
				CLANG_WARN_RANGE_LOOP_ANALYSIS = YES;
				CLANG_WARN_STRICT_PROTOTYPES = YES;
				CLANG_WARN_SUSPICIOUS_MOVE = YES;
				CLANG_WARN_UNGUARDED_AVAILABILITY = YES_AGGRESSIVE;
				CLANG_WARN_UNREACHABLE_CODE = YES;
				CLANG_WARN__DUPLICATE_METHOD_MATCH = YES;
				COPY_PHASE_STRIP = NO;
				DEBUG_INFORMATION_FORMAT = dwarf;
				ENABLE_STRICT_OBJC_MSGSEND = YES;
				ENABLE_TESTABILITY = YES;
				GCC_C_LANGUAGE_STANDARD = gnu11;
				GCC_DYNAMIC_NO_PIC = NO;
				GCC_NO_COMMON_BLOCKS = YES;
				GCC_OPTIMIZATION_LEVEL = 0;
				GCC_PREPROCESSOR_DEFINITIONS = (
					"DEBUG=1",
					"$(inherited)",
				);
				GCC_WARN_64_TO_32_BIT_CONVERSION = YES;
				GCC_WARN_ABOUT_RETURN_TYPE = YES_ERROR;
				GCC_WARN_UNDECLARED_SELECTOR = YES;
				GCC_WARN_UNINITIALIZED_AUTOS = YES_AGGRESSIVE;
				GCC_WARN_UNUSED_FUNCTION = YES;
				GCC_WARN_UNUSED_VARIABLE = YES;
				MTL_ENABLE_DEBUG_INFO = INCLUDE_SOURCE;
				MTL_FAST_MATH = YES;
				ONLY_ACTIVE_ARCH = YES;
				SWIFT_ACTIVE_COMPILATION_CONDITIONS = DEBUG;
				SWIFT_OPTIMIZATION_LEVEL = "-Onone";
			};
			name = Debug;
		};
		20C6546D29E3777D00D6C0A0 /* Release */ = {
			isa = XCBuildConfiguration;
			buildSettings = {
				ALWAYS_SEARCH_USER_PATHS = NO;
				CLANG_ANALYZER_NONNULL = YES;
				CLANG_ANALYZER_NUMBER_OBJECT_CONVERSION = YES_AGGRESSIVE;
				CLANG_CXX_LANGUAGE_STANDARD = "gnu++20";
				CLANG_ENABLE_MODULES = YES;
				CLANG_ENABLE_OBJC_ARC = YES;
				CLANG_ENABLE_OBJC_WEAK = YES;
				CLANG_WARN_BLOCK_CAPTURE_AUTORELEASING = YES;
				CLANG_WARN_BOOL_CONVERSION = YES;
				CLANG_WARN_COMMA = YES;
				CLANG_WARN_CONSTANT_CONVERSION = YES;
				CLANG_WARN_DEPRECATED_OBJC_IMPLEMENTATIONS = YES;
				CLANG_WARN_DIRECT_OBJC_ISA_USAGE = YES_ERROR;
				CLANG_WARN_DOCUMENTATION_COMMENTS = YES;
				CLANG_WARN_EMPTY_BODY = YES;
				CLANG_WARN_ENUM_CONVERSION = YES;
				CLANG_WARN_INFINITE_RECURSION = YES;
				CLANG_WARN_INT_CONVERSION = YES;
				CLANG_WARN_NON_LITERAL_NULL_CONVERSION = YES;
				CLANG_WARN_OBJC_IMPLICIT_RETAIN_SELF = YES;
				CLANG_WARN_OBJC_LITERAL_CONVERSION = YES;
				CLANG_WARN_OBJC_ROOT_CLASS = YES_ERROR;
				CLANG_WARN_QUOTED_INCLUDE_IN_FRAMEWORK_HEADER = YES;
				CLANG_WARN_RANGE_LOOP_ANALYSIS = YES;
				CLANG_WARN_STRICT_PROTOTYPES = YES;
				CLANG_WARN_SUSPICIOUS_MOVE = YES;
				CLANG_WARN_UNGUARDED_AVAILABILITY = YES_AGGRESSIVE;
				CLANG_WARN_UNREACHABLE_CODE = YES;
				CLANG_WARN__DUPLICATE_METHOD_MATCH = YES;
				COPY_PHASE_STRIP = NO;
				DEBUG_INFORMATION_FORMAT = "dwarf-with-dsym";
				ENABLE_NS_ASSERTIONS = NO;
				ENABLE_STRICT_OBJC_MSGSEND = YES;
				GCC_C_LANGUAGE_STANDARD = gnu11;
				GCC_NO_COMMON_BLOCKS = YES;
				GCC_WARN_64_TO_32_BIT_CONVERSION = YES;
				GCC_WARN_ABOUT_RETURN_TYPE = YES_ERROR;
				GCC_WARN_UNDECLARED_SELECTOR = YES;
				GCC_WARN_UNINITIALIZED_AUTOS = YES_AGGRESSIVE;
				GCC_WARN_UNUSED_FUNCTION = YES;
				GCC_WARN_UNUSED_VARIABLE = YES;
				MTL_ENABLE_DEBUG_INFO = NO;
				MTL_FAST_MATH = YES;
				SWIFT_COMPILATION_MODE = wholemodule;
				SWIFT_OPTIMIZATION_LEVEL = "-O";
			};
			name = Release;
		};
		20C6546F29E3777D00D6C0A0 /* Debug */ = {
			isa = XCBuildConfiguration;
			buildSettings = {
				ASSETCATALOG_COMPILER_APPICON_NAME = AppIcon;
				ASSETCATALOG_COMPILER_GLOBAL_ACCENT_COLOR_NAME = AccentColor;
				CODE_SIGN_STYLE = Automatic;
				CURRENT_PROJECT_VERSION = 1;
				DEVELOPMENT_ASSET_PATHS = "\"WatchOSTimerBasic Watch App/Preview Content\"";
				DEVELOPMENT_TEAM = 9L4T8U2X2F;
				ENABLE_PREVIEWS = YES;
				GENERATE_INFOPLIST_FILE = YES;
				INFOPLIST_KEY_CFBundleDisplayName = WatchOSTimerBasic;
				INFOPLIST_KEY_UISupportedInterfaceOrientations = "UIInterfaceOrientationPortrait UIInterfaceOrientationPortraitUpsideDown";
				INFOPLIST_KEY_WKWatchOnly = YES;
				LD_RUNPATH_SEARCH_PATHS = (
					"$(inherited)",
					"@executable_path/Frameworks",
				);
				MARKETING_VERSION = 1.0;
				PRODUCT_BUNDLE_IDENTIFIER = com.kraigkistler.WatchOSTimerBasic.watchkitapp;
				PRODUCT_NAME = "$(TARGET_NAME)";
				SDKROOT = watchos;
				SKIP_INSTALL = YES;
				SWIFT_EMIT_LOC_STRINGS = YES;
				SWIFT_VERSION = 5.0;
				TARGETED_DEVICE_FAMILY = 4;
				WATCHOS_DEPLOYMENT_TARGET = 9.1;
			};
			name = Debug;
		};
		20C6547029E3777D00D6C0A0 /* Release */ = {
			isa = XCBuildConfiguration;
			buildSettings = {
				ASSETCATALOG_COMPILER_APPICON_NAME = AppIcon;
				ASSETCATALOG_COMPILER_GLOBAL_ACCENT_COLOR_NAME = AccentColor;
				CODE_SIGN_STYLE = Automatic;
				CURRENT_PROJECT_VERSION = 1;
				DEVELOPMENT_ASSET_PATHS = "\"WatchOSTimerBasic Watch App/Preview Content\"";
				DEVELOPMENT_TEAM = 9L4T8U2X2F;
				ENABLE_PREVIEWS = YES;
				GENERATE_INFOPLIST_FILE = YES;
				INFOPLIST_KEY_CFBundleDisplayName = WatchOSTimerBasic;
				INFOPLIST_KEY_UISupportedInterfaceOrientations = "UIInterfaceOrientationPortrait UIInterfaceOrientationPortraitUpsideDown";
				INFOPLIST_KEY_WKWatchOnly = YES;
				LD_RUNPATH_SEARCH_PATHS = (
					"$(inherited)",
					"@executable_path/Frameworks",
				);
				MARKETING_VERSION = 1.0;
				PRODUCT_BUNDLE_IDENTIFIER = com.kraigkistler.WatchOSTimerBasic.watchkitapp;
				PRODUCT_NAME = "$(TARGET_NAME)";
				SDKROOT = watchos;
				SKIP_INSTALL = YES;
				SWIFT_EMIT_LOC_STRINGS = YES;
				SWIFT_VERSION = 5.0;
				TARGETED_DEVICE_FAMILY = 4;
				VALIDATE_PRODUCT = YES;
				WATCHOS_DEPLOYMENT_TARGET = 9.1;
			};
			name = Release;
		};
		20C6547329E3777D00D6C0A0 /* Debug */ = {
			isa = XCBuildConfiguration;
			buildSettings = {
				ALWAYS_EMBED_SWIFT_STANDARD_LIBRARIES = YES;
				CODE_SIGN_STYLE = Automatic;
				CURRENT_PROJECT_VERSION = 1;
				DEVELOPMENT_TEAM = 9L4T8U2X2F;
				INFOPLIST_KEY_CFBundleDisplayName = WatchOSTimerBasic;
				MARKETING_VERSION = 1.0;
				PRODUCT_BUNDLE_IDENTIFIER = com.kraigkistler.WatchOSTimerBasic;
				PRODUCT_NAME = "$(TARGET_NAME)";
				SDKROOT = iphoneos;
				SUPPORTED_PLATFORMS = "iphoneos iphonesimulator watchos watchsimulator";
				SUPPORTS_MACCATALYST = NO;
				SUPPORTS_MAC_DESIGNED_FOR_IPHONE_IPAD = NO;
				SWIFT_VERSION = 5.0;
				TARGETED_DEVICE_FAMILY = "1,4";
				WATCHOS_DEPLOYMENT_TARGET = 6.0;
			};
			name = Debug;
		};
		20C6547429E3777D00D6C0A0 /* Release */ = {
			isa = XCBuildConfiguration;
			buildSettings = {
				ALWAYS_EMBED_SWIFT_STANDARD_LIBRARIES = YES;
				CODE_SIGN_STYLE = Automatic;
				CURRENT_PROJECT_VERSION = 1;
				DEVELOPMENT_TEAM = 9L4T8U2X2F;
				INFOPLIST_KEY_CFBundleDisplayName = WatchOSTimerBasic;
				MARKETING_VERSION = 1.0;
				PRODUCT_BUNDLE_IDENTIFIER = com.kraigkistler.WatchOSTimerBasic;
				PRODUCT_NAME = "$(TARGET_NAME)";
				SDKROOT = iphoneos;
				SUPPORTED_PLATFORMS = "iphoneos iphonesimulator watchos watchsimulator";
				SUPPORTS_MACCATALYST = NO;
				SUPPORTS_MAC_DESIGNED_FOR_IPHONE_IPAD = NO;
				SWIFT_VERSION = 5.0;
				TARGETED_DEVICE_FAMILY = "1,4";
				VALIDATE_PRODUCT = YES;
				WATCHOS_DEPLOYMENT_TARGET = 6.0;
			};
			name = Release;
		};
/* End XCBuildConfiguration section */

/* Begin XCConfigurationList section */
		20C6545529E3777A00D6C0A0 /* Build configuration list for PBXProject "WatchOSTimerBasic" */ = {
			isa = XCConfigurationList;
			buildConfigurations = (
				20C6546C29E3777D00D6C0A0 /* Debug */,
				20C6546D29E3777D00D6C0A0 /* Release */,
			);
			defaultConfigurationIsVisible = 0;
			defaultConfigurationName = Release;
		};
		20C6546E29E3777D00D6C0A0 /* Build configuration list for PBXNativeTarget "WatchOSTimerBasic Watch App" */ = {
			isa = XCConfigurationList;
			buildConfigurations = (
				20C6546F29E3777D00D6C0A0 /* Debug */,
				20C6547029E3777D00D6C0A0 /* Release */,
			);
			defaultConfigurationIsVisible = 0;
			defaultConfigurationName = Release;
		};
		20C6547229E3777D00D6C0A0 /* Build configuration list for PBXNativeTarget "WatchOSTimerBasic" */ = {
			isa = XCConfigurationList;
			buildConfigurations = (
				20C6547329E3777D00D6C0A0 /* Debug */,
				20C6547429E3777D00D6C0A0 /* Release */,
			);
			defaultConfigurationIsVisible = 0;
			defaultConfigurationName = Release;
		};
/* End XCConfigurationList section */
	};
	rootObject = 20C6545229E3777A00D6C0A0 /* Project object */;
}
